
Microsoft Visual Studio Solution File, Format Version 12.00
# Visual Studio 14
VisualStudioVersion = 14.0.25420.1
MinimumVisualStudioVersion = 10.0.40219.1
Project("{2150E333-8FDC-42A3-9474-1A3956D46DE8}") = "Solution Items", "Solution Items", "{9EB172ED-F3FF-46B0-B8F7-DDF9497B5D90}"
	ProjectSection(SolutionItems) = preProject
		README.md = README.md
	EndProjectSection
EndProject
Project("{8BC9CEB8-8B4A-11D0-8D11-00A0C91BC942}") = "Review01", "Review\Review01\Review01.vcxproj", "{D88D3A3B-51F1-478B-A76B-78BB4818C55C}"
EndProject
Project("{2150E333-8FDC-42A3-9474-1A3956D46DE8}") = "01 - Review", "01 - Review", "{16649D56-AFC1-4CCA-9296-5204AE55B9B7}"
EndProject
Project("{8BC9CEB8-8B4A-11D0-8D11-00A0C91BC942}") = "Review03", "Review\Review03\Review03.vcxproj", "{008E1936-072D-47B5-B140-794BCAB8F841}"
EndProject
Project("{8BC9CEB8-8B4A-11D0-8D11-00A0C91BC942}") = "Review04", "Review\Review04\Review04.vcxproj", "{B43C2676-DE8A-4F18-A797-8BAAB39D7B25}"
EndProject
Project("{8BC9CEB8-8B4A-11D0-8D11-00A0C91BC942}") = "Review05", "Review\Review05\Review05.vcxproj", "{7B59D94C-585D-432B-ACD5-84EE273FE940}"
EndProject
Project("{8BC9CEB8-8B4A-11D0-8D11-00A0C91BC942}") = "Review05B", "Review\Review05B\Review05B.vcxproj", "{77C1E6CA-2093-45DD-9734-567FDE3AD3B7}"
EndProject
Project("{2150E333-8FDC-42A3-9474-1A3956D46DE8}") = "02 - Pointers", "02 - Pointers", "{5279D35C-6CA0-40D9-A142-39EDC5BD97C6}"
EndProject
Project("{8BC9CEB8-8B4A-11D0-8D11-00A0C91BC942}") = "PointerIntro", "Pointers\PointerIntro\PointerIntro.vcxproj", "{679E13A8-8278-4DEF-948F-D379ED052758}"
EndProject
Project("{2150E333-8FDC-42A3-9474-1A3956D46DE8}") = "03 - Intermediate", "03 - Intermediate", "{48F8BAA2-2F40-46DA-8287-F8EA27F9A11C}"
EndProject
Project("{8BC9CEB8-8B4A-11D0-8D11-00A0C91BC942}") = "Templates01", "Intermediate\Templates01\Templates01.vcxproj", "{4312D19D-E325-4B71-A725-047925F7D623}"
EndProject
Global
	GlobalSection(SolutionConfigurationPlatforms) = preSolution
		Debug|x64 = Debug|x64
		Debug|x86 = Debug|x86
		Release|x64 = Release|x64
		Release|x86 = Release|x86
	EndGlobalSection
	GlobalSection(ProjectConfigurationPlatforms) = postSolution
		{D88D3A3B-51F1-478B-A76B-78BB4818C55C}.Debug|x64.ActiveCfg = Debug|x64
		{D88D3A3B-51F1-478B-A76B-78BB4818C55C}.Debug|x64.Build.0 = Debug|x64
		{D88D3A3B-51F1-478B-A76B-78BB4818C55C}.Debug|x86.ActiveCfg = Debug|Win32
		{D88D3A3B-51F1-478B-A76B-78BB4818C55C}.Debug|x86.Build.0 = Debug|Win32
		{D88D3A3B-51F1-478B-A76B-78BB4818C55C}.Release|x64.ActiveCfg = Release|x64
		{D88D3A3B-51F1-478B-A76B-78BB4818C55C}.Release|x64.Build.0 = Release|x64
		{D88D3A3B-51F1-478B-A76B-78BB4818C55C}.Release|x86.ActiveCfg = Release|Win32
		{D88D3A3B-51F1-478B-A76B-78BB4818C55C}.Release|x86.Build.0 = Release|Win32
		{008E1936-072D-47B5-B140-794BCAB8F841}.Debug|x64.ActiveCfg = Debug|x64
		{008E1936-072D-47B5-B140-794BCAB8F841}.Debug|x64.Build.0 = Debug|x64
		{008E1936-072D-47B5-B140-794BCAB8F841}.Debug|x86.ActiveCfg = Debug|Win32
		{008E1936-072D-47B5-B140-794BCAB8F841}.Debug|x86.Build.0 = Debug|Win32
		{008E1936-072D-47B5-B140-794BCAB8F841}.Release|x64.ActiveCfg = Release|x64
		{008E1936-072D-47B5-B140-794BCAB8F841}.Release|x64.Build.0 = Release|x64
		{008E1936-072D-47B5-B140-794BCAB8F841}.Release|x86.ActiveCfg = Release|Win32
		{008E1936-072D-47B5-B140-794BCAB8F841}.Release|x86.Build.0 = Release|Win32
		{B43C2676-DE8A-4F18-A797-8BAAB39D7B25}.Debug|x64.ActiveCfg = Debug|x64
		{B43C2676-DE8A-4F18-A797-8BAAB39D7B25}.Debug|x64.Build.0 = Debug|x64
		{B43C2676-DE8A-4F18-A797-8BAAB39D7B25}.Debug|x86.ActiveCfg = Debug|Win32
		{B43C2676-DE8A-4F18-A797-8BAAB39D7B25}.Debug|x86.Build.0 = Debug|Win32
		{B43C2676-DE8A-4F18-A797-8BAAB39D7B25}.Release|x64.ActiveCfg = Release|x64
		{B43C2676-DE8A-4F18-A797-8BAAB39D7B25}.Release|x64.Build.0 = Release|x64
		{B43C2676-DE8A-4F18-A797-8BAAB39D7B25}.Release|x86.ActiveCfg = Release|Win32
		{B43C2676-DE8A-4F18-A797-8BAAB39D7B25}.Release|x86.Build.0 = Release|Win32
		{7B59D94C-585D-432B-ACD5-84EE273FE940}.Debug|x64.ActiveCfg = Debug|x64
		{7B59D94C-585D-432B-ACD5-84EE273FE940}.Debug|x64.Build.0 = Debug|x64
		{7B59D94C-585D-432B-ACD5-84EE273FE940}.Debug|x86.ActiveCfg = Debug|Win32
		{7B59D94C-585D-432B-ACD5-84EE273FE940}.Debug|x86.Build.0 = Debug|Win32
		{7B59D94C-585D-432B-ACD5-84EE273FE940}.Release|x64.ActiveCfg = Release|x64
		{7B59D94C-585D-432B-ACD5-84EE273FE940}.Release|x64.Build.0 = Release|x64
		{7B59D94C-585D-432B-ACD5-84EE273FE940}.Release|x86.ActiveCfg = Release|Win32
		{7B59D94C-585D-432B-ACD5-84EE273FE940}.Release|x86.Build.0 = Release|Win32
		{77C1E6CA-2093-45DD-9734-567FDE3AD3B7}.Debug|x64.ActiveCfg = Debug|x64
		{77C1E6CA-2093-45DD-9734-567FDE3AD3B7}.Debug|x64.Build.0 = Debug|x64
		{77C1E6CA-2093-45DD-9734-567FDE3AD3B7}.Debug|x86.ActiveCfg = Debug|Win32
		{77C1E6CA-2093-45DD-9734-567FDE3AD3B7}.Debug|x86.Build.0 = Debug|Win32
		{77C1E6CA-2093-45DD-9734-567FDE3AD3B7}.Release|x64.ActiveCfg = Release|x64
		{77C1E6CA-2093-45DD-9734-567FDE3AD3B7}.Release|x64.Build.0 = Release|x64
		{77C1E6CA-2093-45DD-9734-567FDE3AD3B7}.Release|x86.ActiveCfg = Release|Win32
		{77C1E6CA-2093-45DD-9734-567FDE3AD3B7}.Release|x86.Build.0 = Release|Win32
		{679E13A8-8278-4DEF-948F-D379ED052758}.Debug|x64.ActiveCfg = Debug|x64
		{679E13A8-8278-4DEF-948F-D379ED052758}.Debug|x64.Build.0 = Debug|x64
		{679E13A8-8278-4DEF-948F-D379ED052758}.Debug|x86.ActiveCfg = Debug|Win32
		{679E13A8-8278-4DEF-948F-D379ED052758}.Debug|x86.Build.0 = Debug|Win32
		{679E13A8-8278-4DEF-948F-D379ED052758}.Release|x64.ActiveCfg = Release|x64
		{679E13A8-8278-4DEF-948F-D379ED052758}.Release|x64.Build.0 = Release|x64
		{679E13A8-8278-4DEF-948F-D379ED052758}.Release|x86.ActiveCfg = Release|Win32
		{679E13A8-8278-4DEF-948F-D379ED052758}.Release|x86.Build.0 = Release|Win32
		{4312D19D-E325-4B71-A725-047925F7D623}.Debug|x64.ActiveCfg = Debug|x64
		{4312D19D-E325-4B71-A725-047925F7D623}.Debug|x64.Build.0 = Debug|x64
		{4312D19D-E325-4B71-A725-047925F7D623}.Debug|x86.ActiveCfg = Debug|Win32
		{4312D19D-E325-4B71-A725-047925F7D623}.Debug|x86.Build.0 = Debug|Win32
		{4312D19D-E325-4B71-A725-047925F7D623}.Release|x64.ActiveCfg = Release|x64
		{4312D19D-E325-4B71-A725-047925F7D623}.Release|x64.Build.0 = Release|x64
		{4312D19D-E325-4B71-A725-047925F7D623}.Release|x86.ActiveCfg = Release|Win32
		{4312D19D-E325-4B71-A725-047925F7D623}.Release|x86.Build.0 = Release|Win32
	EndGlobalSection
	GlobalSection(SolutionProperties) = preSolution
		HideSolutionNode = FALSE
	EndGlobalSection
	GlobalSection(NestedProjects) = preSolution
		{D88D3A3B-51F1-478B-A76B-78BB4818C55C} = {16649D56-AFC1-4CCA-9296-5204AE55B9B7}
		{008E1936-072D-47B5-B140-794BCAB8F841} = {16649D56-AFC1-4CCA-9296-5204AE55B9B7}
		{B43C2676-DE8A-4F18-A797-8BAAB39D7B25} = {16649D56-AFC1-4CCA-9296-5204AE55B9B7}
		{7B59D94C-585D-432B-ACD5-84EE273FE940} = {16649D56-AFC1-4CCA-9296-5204AE55B9B7}
		{77C1E6CA-2093-45DD-9734-567FDE3AD3B7} = {16649D56-AFC1-4CCA-9296-5204AE55B9B7}
		{679E13A8-8278-4DEF-948F-D379ED052758} = {5279D35C-6CA0-40D9-A142-39EDC5BD97C6}
		{4312D19D-E325-4B71-A725-047925F7D623} = {48F8BAA2-2F40-46DA-8287-F8EA27F9A11C}
	EndGlobalSection
EndGlobal
